
Microsoft Visual Studio Solution File, Format Version 12.00
# Visual Studio 2012
Project("{2150E333-8FDC-42A3-9474-1A3956D46DE8}") = "CnCApps", "CnCApps", "{08CB754A-F9D2-4F56-8744-250470A6115B}"
EndProject
Project("{2150E333-8FDC-42A3-9474-1A3956D46DE8}") = "RobotSketches", "RobotSketches", "{9744E0B8-0B49-4DF6-8A3F-327FD9BF1493}"
EndProject
Project("{2150E333-8FDC-42A3-9474-1A3956D46DE8}") = "Testing and Basic Hardware Control", "Testing and Basic Hardware Control", "{641335E6-5FB9-4262-84BD-856D7498214F}"
EndProject
Project("{2150E333-8FDC-42A3-9474-1A3956D46DE8}") = "Main Appllications", "Main Appllications", "{9D85AA06-B3CF-4F54-92AA-3AC4025A8F41}"
EndProject
Project("{2150E333-8FDC-42A3-9474-1A3956D46DE8}") = "SD Drivers", "SD Drivers", "{A5C8264C-34A8-4318-8C37-9BBF3788BBA6}"
EndProject
Project("{2150E333-8FDC-42A3-9474-1A3956D46DE8}") = "Motor Sketches", "Motor Sketches", "{6022918F-D103-4FC5-AEB7-370EF65D818A}"
EndProject
Project("{2150E333-8FDC-42A3-9474-1A3956D46DE8}") = "Testing", "Testing", "{79C130DE-F9BB-49AA-856D-9F2163F1D08F}"
EndProject
Project("{2150E333-8FDC-42A3-9474-1A3956D46DE8}") = "Interface Components", "Interface Components", "{45009D63-75D5-450C-B216-CD66128F3CF1}"
EndProject
Project("{2150E333-8FDC-42A3-9474-1A3956D46DE8}") = "Main CnC", "Main CnC", "{B37D3D0C-2D81-442A-9CCE-D5A4B86ED5CB}"
EndProject
Project("{FAE04EC0-301F-11D3-BF4B-00C04F79EFBC}") = "ZukiCnC", "CnCApps\MainCnC\ZukiCnC\ZukiCnC.csproj", "{7FEFAC22-0C98-4840-B656-CC72390B6AD8}"
	ProjectSection(ProjectDependencies) = postProject
		{7AF94D1D-004E-4606-8946-59BBCD6DC58F} = {7AF94D1D-004E-4606-8946-59BBCD6DC58F}
		{21349356-8319-4F49-9C0F-F60F503EFE4A} = {21349356-8319-4F49-9C0F-F60F503EFE4A}
		{89876A62-1746-49B5-8DCD-8B56F2C3866F} = {89876A62-1746-49B5-8DCD-8B56F2C3866F}
	EndProjectSection
EndProject
Project("{FAE04EC0-301F-11D3-BF4B-00C04F79EFBC}") = "ZukiComms", "CnCApps\RobotInterface\ZukiComms\ZukiComms.csproj", "{21349356-8319-4F49-9C0F-F60F503EFE4A}"
EndProject
Project("{8BC9CEB8-8B4A-11D0-8D11-00A0C91BC942}") = "ZukiProxy", "CnCApps\RobotInterface\ZukiProxy\ZukiProxy.vcxproj", "{89876A62-1746-49B5-8DCD-8B56F2C3866F}"
EndProject
Project("{8BC9CEB8-8B4A-11D0-8D11-00A0C91BC942}") = "CommandRouterDriver", "CnCApps\Testing\CommandRouterDriver\CommandRouterDriver.vcxproj", "{808976E7-EEFF-4599-ABAC-EDC6812B1D07}"
EndProject
Project("{FAE04EC0-301F-11D3-BF4B-00C04F79EFBC}") = "ZukiConsole", "CnCApps\Testing\ZukiConsole\ZukiConsole.csproj", "{ED8CBF81-DF49-4DB9-A152-A11CCAE314DB}"
EndProject
Project("{E24C65DC-7377-472B-9ABA-BC803B73C61A}") = "ZukiWeb", "CnCApps\MainCnC\ZukiWeb\", "{5D1A2F0A-3FE6-44A1-B73B-27CBB1E0FA23}"
	ProjectSection(WebsiteProperties) = preProject
		TargetFrameworkMoniker = ".NETFramework,Version%3Dv4.5"
		Debug.AspNetCompiler.VirtualPath = "/ZukiWeb"
		Debug.AspNetCompiler.PhysicalPath = "CnCApps\MainCnC\ZukiWeb\"
		Debug.AspNetCompiler.TargetPath = "PrecompiledWeb\ZukiWeb\"
		Debug.AspNetCompiler.Updateable = "true"
		Debug.AspNetCompiler.ForceOverwrite = "true"
		Debug.AspNetCompiler.FixedNames = "false"
		Debug.AspNetCompiler.Debug = "True"
		Release.AspNetCompiler.VirtualPath = "/ZukiWeb"
		Release.AspNetCompiler.PhysicalPath = "CnCApps\MainCnC\ZukiWeb\"
		Release.AspNetCompiler.TargetPath = "PrecompiledWeb\ZukiWeb\"
		Release.AspNetCompiler.Updateable = "true"
		Release.AspNetCompiler.ForceOverwrite = "true"
		Release.AspNetCompiler.FixedNames = "false"
		Release.AspNetCompiler.Debug = "False"
		VWDPort = "51876"
	EndProjectSection
EndProject
Project("{8BC9CEB8-8B4A-11D0-8D11-00A0C91BC942}") = "godzuki", "RobotSketches\MainApplications\godzuki\godzuki.vcxproj", "{B0E25949-EF2D-421B-A620-AECDE30EA4EE}"
EndProject
Project("{8BC9CEB8-8B4A-11D0-8D11-00A0C91BC942}") = "MotorCapTest", "RobotSketches\TestingAndHardware\MotorSketches\MotorCapTest\MotorCapTest.vcxproj", "{CFB44052-A583-4258-8E0F-CE2F90234589}"
EndProject
Project("{8BC9CEB8-8B4A-11D0-8D11-00A0C91BC942}") = "MotorControl", "RobotSketches\TestingAndHardware\MotorSketches\MotorControl\MotorControl.vcxproj", "{6879C05C-AE05-4D11-968A-A00C2051D7AF}"
EndProject
Project("{8BC9CEB8-8B4A-11D0-8D11-00A0C91BC942}") = "SDReadWrite", "RobotSketches\TestingAndHardware\SDDrivers\SDReadWrite\SDReadWrite.vcxproj", "{9A665BCB-B2ED-41AD-B95F-8AE4F3641997}"
EndProject
Project("{8BC9CEB8-8B4A-11D0-8D11-00A0C91BC942}") = "SDDriver", "RobotSketches\TestingAndHardware\SDDrivers\SDDriver\SDDriver.vcxproj", "{3746AEBD-5356-4EA2-A092-4C5CC03F1935}"
EndProject
Project("{8BC9CEB8-8B4A-11D0-8D11-00A0C91BC942}") = "SDCardControl", "RobotSketches\TestingAndHardware\SDDrivers\SDCardControl\SDCardControl.vcxproj", "{D1432FBC-CCC3-41D4-B35B-2B421A23029F}"
EndProject
Project("{8BC9CEB8-8B4A-11D0-8D11-00A0C91BC942}") = "APC220_Example", "RobotSketches\TestingAndHardware\APC220_Example\APC220_Example.vcxproj", "{BEAFDF77-F1FA-4079-9FCA-11237CCDBA3E}"
EndProject
Project("{8BC9CEB8-8B4A-11D0-8D11-00A0C91BC942}") = "BasicServoControl", "RobotSketches\TestingAndHardware\BasicServoControl\BasicServoControl.vcxproj", "{47EBE08E-AE84-4ECA-91BC-699B6AB05D60}"
EndProject
Project("{8BC9CEB8-8B4A-11D0-8D11-00A0C91BC942}") = "ButtonControl", "RobotSketches\TestingAndHardware\ButtonControl\ButtonControl.vcxproj", "{3A230785-32EB-49D8-A1A7-C3A1CC2B4342}"
EndProject
Project("{8BC9CEB8-8B4A-11D0-8D11-00A0C91BC942}") = "InputRouter", "RobotSketches\TestingAndHardware\InputRouter\InputRouter.vcxproj", "{FC9B3015-547C-471B-BE35-E2CF944C2655}"
EndProject
Project("{8BC9CEB8-8B4A-11D0-8D11-00A0C91BC942}") = "ServoControlWithButtons", "RobotSketches\TestingAndHardware\ServoControlWithButtons\ServoControlWithButtons.vcxproj", "{F010D18C-9CE3-4DDC-868B-FC035B3B075C}"
EndProject
Project("{8BC9CEB8-8B4A-11D0-8D11-00A0C91BC942}") = "URM37Example", "RobotSketches\TestingAndHardware\URM37Example\URM37Example.vcxproj", "{3A1FEE04-9B6B-492D-BFAF-436EA4B3F487}"
EndProject
Project("{8BC9CEB8-8B4A-11D0-8D11-00A0C91BC942}") = "USBComms", "RobotSketches\TestingAndHardware\USBComms\USBComms.vcxproj", "{5BE70941-3A61-4AFB-881D-83036F0AD2BB}"
EndProject
Project("{8BC9CEB8-8B4A-11D0-8D11-00A0C91BC942}") = "VSBlinkTest", "RobotSketches\TestingAndHardware\VSBlinkTest\VSBlinkTest.vcxproj", "{9C08D161-E649-407F-B8B4-1E25B0BD8ABF}"
EndProject
Project("{8BC9CEB8-8B4A-11D0-8D11-00A0C91BC942}") = "EncoderTest", "RobotSketches\TestingAndHardware\MotorSketches\EncoderTest\EncoderTest.vcxproj", "{301F5FCD-9371-4DA5-AAEE-ACA36453D1F3}"
EndProject
Project("{8BC9CEB8-8B4A-11D0-8D11-00A0C91BC942}") = "CameraExample", "RobotSketches\TestingAndHardware\CameraExample\CameraExample.vcxproj", "{DA305132-0E50-4699-9F0E-BF1218C22E1A}"
EndProject
Project("{2150E333-8FDC-42A3-9474-1A3956D46DE8}") = "Utilities", "Utilities", "{F92CF8C3-C84B-4693-941B-B4AFE3E48C4C}"
EndProject
Project("{FAE04EC0-301F-11D3-BF4B-00C04F79EFBC}") = "Knob", "CnCApps\Utilities\Knob\Knob.csproj", "{7AF94D1D-004E-4606-8946-59BBCD6DC58F}"
EndProject
Project("{8BC9CEB8-8B4A-11D0-8D11-00A0C91BC942}") = "GodzukEYe", "RobotSketches\MainApplications\GodzukEYe\GodzukEYe.vcxproj", "{69518B0A-5FF4-43C7-8B4C-5362F4E42504}"
EndProject
Project("{2150E333-8FDC-42A3-9474-1A3956D46DE8}") = "ZukiLib", "ZukiLib", "{A9E5E57E-C0DE-4994-B368-71A19C76F6BF}"
EndProject
Project("{2150E333-8FDC-42A3-9474-1A3956D46DE8}") = "Header Files", "Header Files", "{20CC6DA1-00B2-47A9-B7AC-6ECEFF1A3F8D}"
	ProjectSection(SolutionItems) = preProject
		RobotSketches\libraries\ZukiLib\gCamera.h = RobotSketches\libraries\ZukiLib\gCamera.h
		RobotSketches\libraries\ZukiLib\gCameraCommands.h = RobotSketches\libraries\ZukiLib\gCameraCommands.h
		RobotSketches\libraries\ZukiLib\gCommandObject.h = RobotSketches\libraries\ZukiLib\gCommandObject.h
		RobotSketches\libraries\ZukiLib\gCommandRouter.h = RobotSketches\libraries\ZukiLib\gCommandRouter.h
		RobotSketches\libraries\ZukiLib\gComms.h = RobotSketches\libraries\ZukiLib\gComms.h
		RobotSketches\libraries\ZukiLib\gDistanceSensor.h = RobotSketches\libraries\ZukiLib\gDistanceSensor.h
		RobotSketches\libraries\ZukiLib\gDistanceSensorCommands.h = RobotSketches\libraries\ZukiLib\gDistanceSensorCommands.h
		RobotSketches\libraries\ZukiLib\gHBStatus.h = RobotSketches\libraries\ZukiLib\gHBStatus.h
		RobotSketches\libraries\ZukiLib\gHBStatusCommands.h = RobotSketches\libraries\ZukiLib\gHBStatusCommands.h
		RobotSketches\libraries\ZukiLib\gInputs.h = RobotSketches\libraries\ZukiLib\gInputs.h
		RobotSketches\libraries\ZukiLib\gMotor.h = RobotSketches\libraries\ZukiLib\gMotor.h
		RobotSketches\libraries\ZukiLib\gMotorControl.h = RobotSketches\libraries\ZukiLib\gMotorControl.h
		RobotSketches\libraries\ZukiLib\gMotorControlCommands.h = RobotSketches\libraries\ZukiLib\gMotorControlCommands.h
		RobotSketches\libraries\ZukiLib\gRouteTableList.h = RobotSketches\libraries\ZukiLib\gRouteTableList.h
		RobotSketches\libraries\ZukiLib\gRoutingDeviceIDs.h = RobotSketches\libraries\ZukiLib\gRoutingDeviceIDs.h
		RobotSketches\libraries\ZukiLib\gSDCard.h = RobotSketches\libraries\ZukiLib\gSDCard.h
		RobotSketches\libraries\ZukiLib\gSDCardCommands.h = RobotSketches\libraries\ZukiLib\gSDCardCommands.h
		RobotSketches\libraries\ZukiLib\gServo.h = RobotSketches\libraries\ZukiLib\gServo.h
		RobotSketches\libraries\ZukiLib\gServoCommands.h = RobotSketches\libraries\ZukiLib\gServoCommands.h
		RobotSketches\libraries\ZukiLib\ZukiLib.h = RobotSketches\libraries\ZukiLib\ZukiLib.h
	EndProjectSection
EndProject
Project("{2150E333-8FDC-42A3-9474-1A3956D46DE8}") = "Source Files", "Source Files", "{58E6A118-293E-4DC5-B592-72D216BA4A2F}"
	ProjectSection(SolutionItems) = preProject
		RobotSketches\libraries\ZukiLib\gCamera.cpp = RobotSketches\libraries\ZukiLib\gCamera.cpp
		RobotSketches\libraries\ZukiLib\gCommandObject.cpp = RobotSketches\libraries\ZukiLib\gCommandObject.cpp
		RobotSketches\libraries\ZukiLib\gCommandRouter.cpp = RobotSketches\libraries\ZukiLib\gCommandRouter.cpp
		RobotSketches\libraries\ZukiLib\gComms.cpp = RobotSketches\libraries\ZukiLib\gComms.cpp
		RobotSketches\libraries\ZukiLib\gDistanceSensor.cpp = RobotSketches\libraries\ZukiLib\gDistanceSensor.cpp
		RobotSketches\libraries\ZukiLib\gHBStatus.cpp = RobotSketches\libraries\ZukiLib\gHBStatus.cpp
		RobotSketches\libraries\ZukiLib\gInputs.cpp = RobotSketches\libraries\ZukiLib\gInputs.cpp
		RobotSketches\libraries\ZukiLib\gMotor.cpp = RobotSketches\libraries\ZukiLib\gMotor.cpp
		RobotSketches\libraries\ZukiLib\gMotorControl.cpp = RobotSketches\libraries\ZukiLib\gMotorControl.cpp
		RobotSketches\libraries\ZukiLib\gSDCard.cpp = RobotSketches\libraries\ZukiLib\gSDCard.cpp
		RobotSketches\libraries\ZukiLib\gServo.cpp = RobotSketches\libraries\ZukiLib\gServo.cpp
	EndProjectSection
EndProject
Project("{2150E333-8FDC-42A3-9474-1A3956D46DE8}") = "Goals", "Goals", "{8E0915CD-705D-455F-835D-0F226B0F7AAB}"
EndProject
Project("{2150E333-8FDC-42A3-9474-1A3956D46DE8}") = "Primitives", "Primitives", "{7B3E249F-345F-45E7-9985-47557157E290}"
	ProjectSection(SolutionItems) = preProject
		CnCApps\MainCnC\Goals\Primitives\Calibrate Motors.xml = CnCApps\MainCnC\Goals\Primitives\Calibrate Motors.xml
		CnCApps\MainCnC\Goals\Primitives\Internal Tests.xml = CnCApps\MainCnC\Goals\Primitives\Internal Tests.xml
		CnCApps\MainCnC\Goals\Primitives\Move Straight.xml = CnCApps\MainCnC\Goals\Primitives\Move Straight.xml
		CnCApps\MainCnC\Goals\Primitives\Read Ranger.xml = CnCApps\MainCnC\Goals\Primitives\Read Ranger.xml
		CnCApps\MainCnC\Goals\Primitives\Snap Pic.xml = CnCApps\MainCnC\Goals\Primitives\Snap Pic.xml
		CnCApps\MainCnC\Goals\Primitives\Turn.xml = CnCApps\MainCnC\Goals\Primitives\Turn.xml
	EndProjectSection
EndProject
Project("{2150E333-8FDC-42A3-9474-1A3956D46DE8}") = "Behaviors", "Behaviors", "{4539C8AA-65FD-4DDB-A0C4-0CC3E4574244}"
EndProject
Global
	GlobalSection(SolutionConfigurationPlatforms) = preSolution
		Debug|Any CPU = Debug|Any CPU
		Debug|Mixed Platforms = Debug|Mixed Platforms
		Debug|Win32 = Debug|Win32
		Debug|x86 = Debug|x86
		Release|Any CPU = Release|Any CPU
		Release|Mixed Platforms = Release|Mixed Platforms
		Release|Win32 = Release|Win32
		Release|x86 = Release|x86
	EndGlobalSection
	GlobalSection(ProjectConfigurationPlatforms) = postSolution
		{7FEFAC22-0C98-4840-B656-CC72390B6AD8}.Debug|Any CPU.ActiveCfg = Debug|Any CPU
		{7FEFAC22-0C98-4840-B656-CC72390B6AD8}.Debug|Any CPU.Build.0 = Debug|Any CPU
		{7FEFAC22-0C98-4840-B656-CC72390B6AD8}.Debug|Mixed Platforms.ActiveCfg = Debug|Any CPU
		{7FEFAC22-0C98-4840-B656-CC72390B6AD8}.Debug|Mixed Platforms.Build.0 = Debug|Any CPU
		{7FEFAC22-0C98-4840-B656-CC72390B6AD8}.Debug|Win32.ActiveCfg = Debug|Any CPU
		{7FEFAC22-0C98-4840-B656-CC72390B6AD8}.Debug|x86.ActiveCfg = Debug|Any CPU
		{7FEFAC22-0C98-4840-B656-CC72390B6AD8}.Release|Any CPU.ActiveCfg = Release|Any CPU
		{7FEFAC22-0C98-4840-B656-CC72390B6AD8}.Release|Any CPU.Build.0 = Release|Any CPU
		{7FEFAC22-0C98-4840-B656-CC72390B6AD8}.Release|Mixed Platforms.ActiveCfg = Release|Any CPU
		{7FEFAC22-0C98-4840-B656-CC72390B6AD8}.Release|Mixed Platforms.Build.0 = Release|Any CPU
		{7FEFAC22-0C98-4840-B656-CC72390B6AD8}.Release|Win32.ActiveCfg = Release|Any CPU
		{7FEFAC22-0C98-4840-B656-CC72390B6AD8}.Release|x86.ActiveCfg = Release|Any CPU
		{21349356-8319-4F49-9C0F-F60F503EFE4A}.Debug|Any CPU.ActiveCfg = Debug|Any CPU
		{21349356-8319-4F49-9C0F-F60F503EFE4A}.Debug|Any CPU.Build.0 = Debug|Any CPU
		{21349356-8319-4F49-9C0F-F60F503EFE4A}.Debug|Mixed Platforms.ActiveCfg = Debug|Any CPU
		{21349356-8319-4F49-9C0F-F60F503EFE4A}.Debug|Mixed Platforms.Build.0 = Debug|Any CPU
		{21349356-8319-4F49-9C0F-F60F503EFE4A}.Debug|Win32.ActiveCfg = Debug|Any CPU
		{21349356-8319-4F49-9C0F-F60F503EFE4A}.Debug|x86.ActiveCfg = Debug|Any CPU
		{21349356-8319-4F49-9C0F-F60F503EFE4A}.Release|Any CPU.ActiveCfg = Release|Any CPU
		{21349356-8319-4F49-9C0F-F60F503EFE4A}.Release|Any CPU.Build.0 = Release|Any CPU
		{21349356-8319-4F49-9C0F-F60F503EFE4A}.Release|Mixed Platforms.ActiveCfg = Release|Any CPU
		{21349356-8319-4F49-9C0F-F60F503EFE4A}.Release|Mixed Platforms.Build.0 = Release|Any CPU
		{21349356-8319-4F49-9C0F-F60F503EFE4A}.Release|Win32.ActiveCfg = Release|Any CPU
		{21349356-8319-4F49-9C0F-F60F503EFE4A}.Release|x86.ActiveCfg = Release|Any CPU
		{89876A62-1746-49B5-8DCD-8B56F2C3866F}.Debug|Any CPU.ActiveCfg = Debug|Win32
		{89876A62-1746-49B5-8DCD-8B56F2C3866F}.Debug|Mixed Platforms.ActiveCfg = Debug|Win32
		{89876A62-1746-49B5-8DCD-8B56F2C3866F}.Debug|Mixed Platforms.Build.0 = Debug|Win32
		{89876A62-1746-49B5-8DCD-8B56F2C3866F}.Debug|Win32.ActiveCfg = Debug|Win32
		{89876A62-1746-49B5-8DCD-8B56F2C3866F}.Debug|Win32.Build.0 = Debug|Win32
		{89876A62-1746-49B5-8DCD-8B56F2C3866F}.Debug|x86.ActiveCfg = Debug|Win32
		{89876A62-1746-49B5-8DCD-8B56F2C3866F}.Debug|x86.Build.0 = Debug|Win32
		{89876A62-1746-49B5-8DCD-8B56F2C3866F}.Release|Any CPU.ActiveCfg = Release|Win32
		{89876A62-1746-49B5-8DCD-8B56F2C3866F}.Release|Mixed Platforms.ActiveCfg = Release|Win32
		{89876A62-1746-49B5-8DCD-8B56F2C3866F}.Release|Mixed Platforms.Build.0 = Release|Win32
		{89876A62-1746-49B5-8DCD-8B56F2C3866F}.Release|Win32.ActiveCfg = Release|Win32
		{89876A62-1746-49B5-8DCD-8B56F2C3866F}.Release|Win32.Build.0 = Release|Win32
		{89876A62-1746-49B5-8DCD-8B56F2C3866F}.Release|x86.ActiveCfg = Release|Win32
		{89876A62-1746-49B5-8DCD-8B56F2C3866F}.Release|x86.Build.0 = Release|Win32
		{808976E7-EEFF-4599-ABAC-EDC6812B1D07}.Debug|Any CPU.ActiveCfg = Debug|Win32
		{808976E7-EEFF-4599-ABAC-EDC6812B1D07}.Debug|Mixed Platforms.ActiveCfg = Debug|Win32
		{808976E7-EEFF-4599-ABAC-EDC6812B1D07}.Debug|Mixed Platforms.Build.0 = Debug|Win32
		{808976E7-EEFF-4599-ABAC-EDC6812B1D07}.Debug|Win32.ActiveCfg = Debug|Win32
		{808976E7-EEFF-4599-ABAC-EDC6812B1D07}.Debug|Win32.Build.0 = Debug|Win32
		{808976E7-EEFF-4599-ABAC-EDC6812B1D07}.Debug|x86.ActiveCfg = Debug|Win32
		{808976E7-EEFF-4599-ABAC-EDC6812B1D07}.Debug|x86.Build.0 = Debug|Win32
		{808976E7-EEFF-4599-ABAC-EDC6812B1D07}.Release|Any CPU.ActiveCfg = Release|Win32
		{808976E7-EEFF-4599-ABAC-EDC6812B1D07}.Release|Mixed Platforms.ActiveCfg = Release|Win32
		{808976E7-EEFF-4599-ABAC-EDC6812B1D07}.Release|Mixed Platforms.Build.0 = Release|Win32
		{808976E7-EEFF-4599-ABAC-EDC6812B1D07}.Release|Win32.ActiveCfg = Release|Win32
		{808976E7-EEFF-4599-ABAC-EDC6812B1D07}.Release|Win32.Build.0 = Release|Win32
		{808976E7-EEFF-4599-ABAC-EDC6812B1D07}.Release|x86.ActiveCfg = Release|Win32
		{808976E7-EEFF-4599-ABAC-EDC6812B1D07}.Release|x86.Build.0 = Release|Win32
		{ED8CBF81-DF49-4DB9-A152-A11CCAE314DB}.Debug|Any CPU.ActiveCfg = Debug|Any CPU
		{ED8CBF81-DF49-4DB9-A152-A11CCAE314DB}.Debug|Any CPU.Build.0 = Debug|Any CPU
		{ED8CBF81-DF49-4DB9-A152-A11CCAE314DB}.Debug|Mixed Platforms.ActiveCfg = Debug|Any CPU
		{ED8CBF81-DF49-4DB9-A152-A11CCAE314DB}.Debug|Mixed Platforms.Build.0 = Debug|Any CPU
		{ED8CBF81-DF49-4DB9-A152-A11CCAE314DB}.Debug|Win32.ActiveCfg = Debug|Any CPU
		{ED8CBF81-DF49-4DB9-A152-A11CCAE314DB}.Debug|x86.ActiveCfg = Debug|Any CPU
		{ED8CBF81-DF49-4DB9-A152-A11CCAE314DB}.Release|Any CPU.ActiveCfg = Release|Any CPU
		{ED8CBF81-DF49-4DB9-A152-A11CCAE314DB}.Release|Any CPU.Build.0 = Release|Any CPU
		{ED8CBF81-DF49-4DB9-A152-A11CCAE314DB}.Release|Mixed Platforms.ActiveCfg = Release|Any CPU
		{ED8CBF81-DF49-4DB9-A152-A11CCAE314DB}.Release|Mixed Platforms.Build.0 = Release|Any CPU
		{ED8CBF81-DF49-4DB9-A152-A11CCAE314DB}.Release|Win32.ActiveCfg = Release|Any CPU
		{ED8CBF81-DF49-4DB9-A152-A11CCAE314DB}.Release|x86.ActiveCfg = Release|Any CPU
		{5D1A2F0A-3FE6-44A1-B73B-27CBB1E0FA23}.Debug|Any CPU.ActiveCfg = Debug|Any CPU
		{5D1A2F0A-3FE6-44A1-B73B-27CBB1E0FA23}.Debug|Any CPU.Build.0 = Debug|Any CPU
		{5D1A2F0A-3FE6-44A1-B73B-27CBB1E0FA23}.Debug|Mixed Platforms.ActiveCfg = Debug|Any CPU
		{5D1A2F0A-3FE6-44A1-B73B-27CBB1E0FA23}.Debug|Mixed Platforms.Build.0 = Debug|Any CPU
		{5D1A2F0A-3FE6-44A1-B73B-27CBB1E0FA23}.Debug|Win32.ActiveCfg = Debug|Any CPU
		{5D1A2F0A-3FE6-44A1-B73B-27CBB1E0FA23}.Debug|x86.ActiveCfg = Debug|Any CPU
		{5D1A2F0A-3FE6-44A1-B73B-27CBB1E0FA23}.Release|Any CPU.ActiveCfg = Debug|Any CPU
		{5D1A2F0A-3FE6-44A1-B73B-27CBB1E0FA23}.Release|Any CPU.Build.0 = Debug|Any CPU
		{5D1A2F0A-3FE6-44A1-B73B-27CBB1E0FA23}.Release|Mixed Platforms.ActiveCfg = Debug|Any CPU
		{5D1A2F0A-3FE6-44A1-B73B-27CBB1E0FA23}.Release|Mixed Platforms.Build.0 = Debug|Any CPU
		{5D1A2F0A-3FE6-44A1-B73B-27CBB1E0FA23}.Release|Win32.ActiveCfg = Debug|Any CPU
		{5D1A2F0A-3FE6-44A1-B73B-27CBB1E0FA23}.Release|x86.ActiveCfg = Debug|Any CPU
		{B0E25949-EF2D-421B-A620-AECDE30EA4EE}.Debug|Any CPU.ActiveCfg = Debug|Win32
		{B0E25949-EF2D-421B-A620-AECDE30EA4EE}.Debug|Mixed Platforms.ActiveCfg = Debug|Win32
		{B0E25949-EF2D-421B-A620-AECDE30EA4EE}.Debug|Mixed Platforms.Build.0 = Debug|Win32
		{B0E25949-EF2D-421B-A620-AECDE30EA4EE}.Debug|Win32.ActiveCfg = Debug|Win32
		{B0E25949-EF2D-421B-A620-AECDE30EA4EE}.Debug|Win32.Build.0 = Debug|Win32
		{B0E25949-EF2D-421B-A620-AECDE30EA4EE}.Debug|x86.ActiveCfg = Debug|Win32
		{B0E25949-EF2D-421B-A620-AECDE30EA4EE}.Debug|x86.Build.0 = Debug|Win32
		{B0E25949-EF2D-421B-A620-AECDE30EA4EE}.Release|Any CPU.ActiveCfg = Release|Win32
		{B0E25949-EF2D-421B-A620-AECDE30EA4EE}.Release|Mixed Platforms.ActiveCfg = Release|Win32
		{B0E25949-EF2D-421B-A620-AECDE30EA4EE}.Release|Mixed Platforms.Build.0 = Release|Win32
		{B0E25949-EF2D-421B-A620-AECDE30EA4EE}.Release|Win32.ActiveCfg = Release|Win32
		{B0E25949-EF2D-421B-A620-AECDE30EA4EE}.Release|Win32.Build.0 = Release|Win32
		{B0E25949-EF2D-421B-A620-AECDE30EA4EE}.Release|x86.ActiveCfg = Release|Win32
		{B0E25949-EF2D-421B-A620-AECDE30EA4EE}.Release|x86.Build.0 = Release|Win32
		{CFB44052-A583-4258-8E0F-CE2F90234589}.Debug|Any CPU.ActiveCfg = Debug|Win32
		{CFB44052-A583-4258-8E0F-CE2F90234589}.Debug|Mixed Platforms.ActiveCfg = Debug|Win32
		{CFB44052-A583-4258-8E0F-CE2F90234589}.Debug|Mixed Platforms.Build.0 = Debug|Win32
		{CFB44052-A583-4258-8E0F-CE2F90234589}.Debug|Win32.ActiveCfg = Debug|Win32
		{CFB44052-A583-4258-8E0F-CE2F90234589}.Debug|Win32.Build.0 = Debug|Win32
		{CFB44052-A583-4258-8E0F-CE2F90234589}.Debug|x86.ActiveCfg = Debug|Win32
		{CFB44052-A583-4258-8E0F-CE2F90234589}.Debug|x86.Build.0 = Debug|Win32
		{CFB44052-A583-4258-8E0F-CE2F90234589}.Release|Any CPU.ActiveCfg = Release|Win32
		{CFB44052-A583-4258-8E0F-CE2F90234589}.Release|Mixed Platforms.ActiveCfg = Release|Win32
		{CFB44052-A583-4258-8E0F-CE2F90234589}.Release|Mixed Platforms.Build.0 = Release|Win32
		{CFB44052-A583-4258-8E0F-CE2F90234589}.Release|Win32.ActiveCfg = Release|Win32
		{CFB44052-A583-4258-8E0F-CE2F90234589}.Release|Win32.Build.0 = Release|Win32
		{CFB44052-A583-4258-8E0F-CE2F90234589}.Release|x86.ActiveCfg = Release|Win32
		{CFB44052-A583-4258-8E0F-CE2F90234589}.Release|x86.Build.0 = Release|Win32
		{6879C05C-AE05-4D11-968A-A00C2051D7AF}.Debug|Any CPU.ActiveCfg = Debug|Win32
		{6879C05C-AE05-4D11-968A-A00C2051D7AF}.Debug|Mixed Platforms.ActiveCfg = Debug|Win32
		{6879C05C-AE05-4D11-968A-A00C2051D7AF}.Debug|Mixed Platforms.Build.0 = Debug|Win32
		{6879C05C-AE05-4D11-968A-A00C2051D7AF}.Debug|Win32.ActiveCfg = Debug|Win32
		{6879C05C-AE05-4D11-968A-A00C2051D7AF}.Debug|Win32.Build.0 = Debug|Win32
		{6879C05C-AE05-4D11-968A-A00C2051D7AF}.Debug|x86.ActiveCfg = Debug|Win32
		{6879C05C-AE05-4D11-968A-A00C2051D7AF}.Debug|x86.Build.0 = Debug|Win32
		{6879C05C-AE05-4D11-968A-A00C2051D7AF}.Release|Any CPU.ActiveCfg = Release|Win32
		{6879C05C-AE05-4D11-968A-A00C2051D7AF}.Release|Mixed Platforms.ActiveCfg = Release|Win32
		{6879C05C-AE05-4D11-968A-A00C2051D7AF}.Release|Mixed Platforms.Build.0 = Release|Win32
		{6879C05C-AE05-4D11-968A-A00C2051D7AF}.Release|Win32.ActiveCfg = Release|Win32
		{6879C05C-AE05-4D11-968A-A00C2051D7AF}.Release|Win32.Build.0 = Release|Win32
		{6879C05C-AE05-4D11-968A-A00C2051D7AF}.Release|x86.ActiveCfg = Release|Win32
		{6879C05C-AE05-4D11-968A-A00C2051D7AF}.Release|x86.Build.0 = Release|Win32
		{9A665BCB-B2ED-41AD-B95F-8AE4F3641997}.Debug|Any CPU.ActiveCfg = Debug|Win32
		{9A665BCB-B2ED-41AD-B95F-8AE4F3641997}.Debug|Mixed Platforms.ActiveCfg = Debug|Win32
		{9A665BCB-B2ED-41AD-B95F-8AE4F3641997}.Debug|Mixed Platforms.Build.0 = Debug|Win32
		{9A665BCB-B2ED-41AD-B95F-8AE4F3641997}.Debug|Win32.ActiveCfg = Debug|Win32
		{9A665BCB-B2ED-41AD-B95F-8AE4F3641997}.Debug|Win32.Build.0 = Debug|Win32
		{9A665BCB-B2ED-41AD-B95F-8AE4F3641997}.Debug|x86.ActiveCfg = Debug|Win32
		{9A665BCB-B2ED-41AD-B95F-8AE4F3641997}.Debug|x86.Build.0 = Debug|Win32
		{9A665BCB-B2ED-41AD-B95F-8AE4F3641997}.Release|Any CPU.ActiveCfg = Release|Win32
		{9A665BCB-B2ED-41AD-B95F-8AE4F3641997}.Release|Mixed Platforms.ActiveCfg = Release|Win32
		{9A665BCB-B2ED-41AD-B95F-8AE4F3641997}.Release|Mixed Platforms.Build.0 = Release|Win32
		{9A665BCB-B2ED-41AD-B95F-8AE4F3641997}.Release|Win32.ActiveCfg = Release|Win32
		{9A665BCB-B2ED-41AD-B95F-8AE4F3641997}.Release|Win32.Build.0 = Release|Win32
		{9A665BCB-B2ED-41AD-B95F-8AE4F3641997}.Release|x86.ActiveCfg = Release|Win32
		{9A665BCB-B2ED-41AD-B95F-8AE4F3641997}.Release|x86.Build.0 = Release|Win32
		{3746AEBD-5356-4EA2-A092-4C5CC03F1935}.Debug|Any CPU.ActiveCfg = Debug|Win32
		{3746AEBD-5356-4EA2-A092-4C5CC03F1935}.Debug|Mixed Platforms.ActiveCfg = Debug|Win32
		{3746AEBD-5356-4EA2-A092-4C5CC03F1935}.Debug|Mixed Platforms.Build.0 = Debug|Win32
		{3746AEBD-5356-4EA2-A092-4C5CC03F1935}.Debug|Win32.ActiveCfg = Debug|Win32
		{3746AEBD-5356-4EA2-A092-4C5CC03F1935}.Debug|Win32.Build.0 = Debug|Win32
		{3746AEBD-5356-4EA2-A092-4C5CC03F1935}.Debug|x86.ActiveCfg = Debug|Win32
		{3746AEBD-5356-4EA2-A092-4C5CC03F1935}.Debug|x86.Build.0 = Debug|Win32
		{3746AEBD-5356-4EA2-A092-4C5CC03F1935}.Release|Any CPU.ActiveCfg = Release|Win32
		{3746AEBD-5356-4EA2-A092-4C5CC03F1935}.Release|Mixed Platforms.ActiveCfg = Release|Win32
		{3746AEBD-5356-4EA2-A092-4C5CC03F1935}.Release|Mixed Platforms.Build.0 = Release|Win32
		{3746AEBD-5356-4EA2-A092-4C5CC03F1935}.Release|Win32.ActiveCfg = Release|Win32
		{3746AEBD-5356-4EA2-A092-4C5CC03F1935}.Release|Win32.Build.0 = Release|Win32
		{3746AEBD-5356-4EA2-A092-4C5CC03F1935}.Release|x86.ActiveCfg = Release|Win32
		{3746AEBD-5356-4EA2-A092-4C5CC03F1935}.Release|x86.Build.0 = Release|Win32
		{D1432FBC-CCC3-41D4-B35B-2B421A23029F}.Debug|Any CPU.ActiveCfg = Debug|Win32
		{D1432FBC-CCC3-41D4-B35B-2B421A23029F}.Debug|Mixed Platforms.ActiveCfg = Debug|Win32
		{D1432FBC-CCC3-41D4-B35B-2B421A23029F}.Debug|Mixed Platforms.Build.0 = Debug|Win32
		{D1432FBC-CCC3-41D4-B35B-2B421A23029F}.Debug|Win32.ActiveCfg = Debug|Win32
		{D1432FBC-CCC3-41D4-B35B-2B421A23029F}.Debug|Win32.Build.0 = Debug|Win32
		{D1432FBC-CCC3-41D4-B35B-2B421A23029F}.Debug|x86.ActiveCfg = Debug|Win32
		{D1432FBC-CCC3-41D4-B35B-2B421A23029F}.Debug|x86.Build.0 = Debug|Win32
		{D1432FBC-CCC3-41D4-B35B-2B421A23029F}.Release|Any CPU.ActiveCfg = Release|Win32
		{D1432FBC-CCC3-41D4-B35B-2B421A23029F}.Release|Mixed Platforms.ActiveCfg = Release|Win32
		{D1432FBC-CCC3-41D4-B35B-2B421A23029F}.Release|Mixed Platforms.Build.0 = Release|Win32
		{D1432FBC-CCC3-41D4-B35B-2B421A23029F}.Release|Win32.ActiveCfg = Release|Win32
		{D1432FBC-CCC3-41D4-B35B-2B421A23029F}.Release|Win32.Build.0 = Release|Win32
		{D1432FBC-CCC3-41D4-B35B-2B421A23029F}.Release|x86.ActiveCfg = Release|Win32
		{D1432FBC-CCC3-41D4-B35B-2B421A23029F}.Release|x86.Build.0 = Release|Win32
		{BEAFDF77-F1FA-4079-9FCA-11237CCDBA3E}.Debug|Any CPU.ActiveCfg = Debug|Win32
		{BEAFDF77-F1FA-4079-9FCA-11237CCDBA3E}.Debug|Mixed Platforms.ActiveCfg = Debug|Win32
		{BEAFDF77-F1FA-4079-9FCA-11237CCDBA3E}.Debug|Mixed Platforms.Build.0 = Debug|Win32
		{BEAFDF77-F1FA-4079-9FCA-11237CCDBA3E}.Debug|Win32.ActiveCfg = Debug|Win32
		{BEAFDF77-F1FA-4079-9FCA-11237CCDBA3E}.Debug|Win32.Build.0 = Debug|Win32
		{BEAFDF77-F1FA-4079-9FCA-11237CCDBA3E}.Debug|x86.ActiveCfg = Debug|Win32
		{BEAFDF77-F1FA-4079-9FCA-11237CCDBA3E}.Debug|x86.Build.0 = Debug|Win32
		{BEAFDF77-F1FA-4079-9FCA-11237CCDBA3E}.Release|Any CPU.ActiveCfg = Release|Win32
		{BEAFDF77-F1FA-4079-9FCA-11237CCDBA3E}.Release|Mixed Platforms.ActiveCfg = Release|Win32
		{BEAFDF77-F1FA-4079-9FCA-11237CCDBA3E}.Release|Mixed Platforms.Build.0 = Release|Win32
		{BEAFDF77-F1FA-4079-9FCA-11237CCDBA3E}.Release|Win32.ActiveCfg = Release|Win32
		{BEAFDF77-F1FA-4079-9FCA-11237CCDBA3E}.Release|Win32.Build.0 = Release|Win32
		{BEAFDF77-F1FA-4079-9FCA-11237CCDBA3E}.Release|x86.ActiveCfg = Release|Win32
		{BEAFDF77-F1FA-4079-9FCA-11237CCDBA3E}.Release|x86.Build.0 = Release|Win32
		{47EBE08E-AE84-4ECA-91BC-699B6AB05D60}.Debug|Any CPU.ActiveCfg = Debug|Win32
		{47EBE08E-AE84-4ECA-91BC-699B6AB05D60}.Debug|Mixed Platforms.ActiveCfg = Debug|Win32
		{47EBE08E-AE84-4ECA-91BC-699B6AB05D60}.Debug|Mixed Platforms.Build.0 = Debug|Win32
		{47EBE08E-AE84-4ECA-91BC-699B6AB05D60}.Debug|Win32.ActiveCfg = Debug|Win32
		{47EBE08E-AE84-4ECA-91BC-699B6AB05D60}.Debug|Win32.Build.0 = Debug|Win32
		{47EBE08E-AE84-4ECA-91BC-699B6AB05D60}.Debug|x86.ActiveCfg = Debug|Win32
		{47EBE08E-AE84-4ECA-91BC-699B6AB05D60}.Debug|x86.Build.0 = Debug|Win32
		{47EBE08E-AE84-4ECA-91BC-699B6AB05D60}.Release|Any CPU.ActiveCfg = Release|Win32
		{47EBE08E-AE84-4ECA-91BC-699B6AB05D60}.Release|Mixed Platforms.ActiveCfg = Release|Win32
		{47EBE08E-AE84-4ECA-91BC-699B6AB05D60}.Release|Mixed Platforms.Build.0 = Release|Win32
		{47EBE08E-AE84-4ECA-91BC-699B6AB05D60}.Release|Win32.ActiveCfg = Release|Win32
		{47EBE08E-AE84-4ECA-91BC-699B6AB05D60}.Release|Win32.Build.0 = Release|Win32
		{47EBE08E-AE84-4ECA-91BC-699B6AB05D60}.Release|x86.ActiveCfg = Release|Win32
		{47EBE08E-AE84-4ECA-91BC-699B6AB05D60}.Release|x86.Build.0 = Release|Win32
		{3A230785-32EB-49D8-A1A7-C3A1CC2B4342}.Debug|Any CPU.ActiveCfg = Debug|Win32
		{3A230785-32EB-49D8-A1A7-C3A1CC2B4342}.Debug|Mixed Platforms.ActiveCfg = Debug|Win32
		{3A230785-32EB-49D8-A1A7-C3A1CC2B4342}.Debug|Mixed Platforms.Build.0 = Debug|Win32
		{3A230785-32EB-49D8-A1A7-C3A1CC2B4342}.Debug|Win32.ActiveCfg = Debug|Win32
		{3A230785-32EB-49D8-A1A7-C3A1CC2B4342}.Debug|Win32.Build.0 = Debug|Win32
		{3A230785-32EB-49D8-A1A7-C3A1CC2B4342}.Debug|x86.ActiveCfg = Debug|Win32
		{3A230785-32EB-49D8-A1A7-C3A1CC2B4342}.Debug|x86.Build.0 = Debug|Win32
		{3A230785-32EB-49D8-A1A7-C3A1CC2B4342}.Release|Any CPU.ActiveCfg = Release|Win32
		{3A230785-32EB-49D8-A1A7-C3A1CC2B4342}.Release|Mixed Platforms.ActiveCfg = Release|Win32
		{3A230785-32EB-49D8-A1A7-C3A1CC2B4342}.Release|Mixed Platforms.Build.0 = Release|Win32
		{3A230785-32EB-49D8-A1A7-C3A1CC2B4342}.Release|Win32.ActiveCfg = Release|Win32
		{3A230785-32EB-49D8-A1A7-C3A1CC2B4342}.Release|Win32.Build.0 = Release|Win32
		{3A230785-32EB-49D8-A1A7-C3A1CC2B4342}.Release|x86.ActiveCfg = Release|Win32
		{3A230785-32EB-49D8-A1A7-C3A1CC2B4342}.Release|x86.Build.0 = Release|Win32
		{FC9B3015-547C-471B-BE35-E2CF944C2655}.Debug|Any CPU.ActiveCfg = Debug|Win32
		{FC9B3015-547C-471B-BE35-E2CF944C2655}.Debug|Mixed Platforms.ActiveCfg = Debug|Win32
		{FC9B3015-547C-471B-BE35-E2CF944C2655}.Debug|Mixed Platforms.Build.0 = Debug|Win32
		{FC9B3015-547C-471B-BE35-E2CF944C2655}.Debug|Win32.ActiveCfg = Debug|Win32
		{FC9B3015-547C-471B-BE35-E2CF944C2655}.Debug|Win32.Build.0 = Debug|Win32
		{FC9B3015-547C-471B-BE35-E2CF944C2655}.Debug|x86.ActiveCfg = Debug|Win32
		{FC9B3015-547C-471B-BE35-E2CF944C2655}.Debug|x86.Build.0 = Debug|Win32
		{FC9B3015-547C-471B-BE35-E2CF944C2655}.Release|Any CPU.ActiveCfg = Release|Win32
		{FC9B3015-547C-471B-BE35-E2CF944C2655}.Release|Mixed Platforms.ActiveCfg = Release|Win32
		{FC9B3015-547C-471B-BE35-E2CF944C2655}.Release|Mixed Platforms.Build.0 = Release|Win32
		{FC9B3015-547C-471B-BE35-E2CF944C2655}.Release|Win32.ActiveCfg = Release|Win32
		{FC9B3015-547C-471B-BE35-E2CF944C2655}.Release|Win32.Build.0 = Release|Win32
		{FC9B3015-547C-471B-BE35-E2CF944C2655}.Release|x86.ActiveCfg = Release|Win32
		{FC9B3015-547C-471B-BE35-E2CF944C2655}.Release|x86.Build.0 = Release|Win32
		{F010D18C-9CE3-4DDC-868B-FC035B3B075C}.Debug|Any CPU.ActiveCfg = Debug|Win32
		{F010D18C-9CE3-4DDC-868B-FC035B3B075C}.Debug|Mixed Platforms.ActiveCfg = Debug|Win32
		{F010D18C-9CE3-4DDC-868B-FC035B3B075C}.Debug|Mixed Platforms.Build.0 = Debug|Win32
		{F010D18C-9CE3-4DDC-868B-FC035B3B075C}.Debug|Win32.ActiveCfg = Debug|Win32
		{F010D18C-9CE3-4DDC-868B-FC035B3B075C}.Debug|Win32.Build.0 = Debug|Win32
		{F010D18C-9CE3-4DDC-868B-FC035B3B075C}.Debug|x86.ActiveCfg = Debug|Win32
		{F010D18C-9CE3-4DDC-868B-FC035B3B075C}.Debug|x86.Build.0 = Debug|Win32
		{F010D18C-9CE3-4DDC-868B-FC035B3B075C}.Release|Any CPU.ActiveCfg = Release|Win32
		{F010D18C-9CE3-4DDC-868B-FC035B3B075C}.Release|Mixed Platforms.ActiveCfg = Release|Win32
		{F010D18C-9CE3-4DDC-868B-FC035B3B075C}.Release|Mixed Platforms.Build.0 = Release|Win32
		{F010D18C-9CE3-4DDC-868B-FC035B3B075C}.Release|Win32.ActiveCfg = Release|Win32
		{F010D18C-9CE3-4DDC-868B-FC035B3B075C}.Release|Win32.Build.0 = Release|Win32
		{F010D18C-9CE3-4DDC-868B-FC035B3B075C}.Release|x86.ActiveCfg = Release|Win32
		{F010D18C-9CE3-4DDC-868B-FC035B3B075C}.Release|x86.Build.0 = Release|Win32
		{3A1FEE04-9B6B-492D-BFAF-436EA4B3F487}.Debug|Any CPU.ActiveCfg = Debug|Win32
		{3A1FEE04-9B6B-492D-BFAF-436EA4B3F487}.Debug|Mixed Platforms.ActiveCfg = Debug|Win32
		{3A1FEE04-9B6B-492D-BFAF-436EA4B3F487}.Debug|Mixed Platforms.Build.0 = Debug|Win32
		{3A1FEE04-9B6B-492D-BFAF-436EA4B3F487}.Debug|Win32.ActiveCfg = Debug|Win32
		{3A1FEE04-9B6B-492D-BFAF-436EA4B3F487}.Debug|Win32.Build.0 = Debug|Win32
		{3A1FEE04-9B6B-492D-BFAF-436EA4B3F487}.Debug|x86.ActiveCfg = Debug|Win32
		{3A1FEE04-9B6B-492D-BFAF-436EA4B3F487}.Debug|x86.Build.0 = Debug|Win32
		{3A1FEE04-9B6B-492D-BFAF-436EA4B3F487}.Release|Any CPU.ActiveCfg = Release|Win32
		{3A1FEE04-9B6B-492D-BFAF-436EA4B3F487}.Release|Mixed Platforms.ActiveCfg = Release|Win32
		{3A1FEE04-9B6B-492D-BFAF-436EA4B3F487}.Release|Mixed Platforms.Build.0 = Release|Win32
		{3A1FEE04-9B6B-492D-BFAF-436EA4B3F487}.Release|Win32.ActiveCfg = Release|Win32
		{3A1FEE04-9B6B-492D-BFAF-436EA4B3F487}.Release|Win32.Build.0 = Release|Win32
		{3A1FEE04-9B6B-492D-BFAF-436EA4B3F487}.Release|x86.ActiveCfg = Release|Win32
		{3A1FEE04-9B6B-492D-BFAF-436EA4B3F487}.Release|x86.Build.0 = Release|Win32
		{5BE70941-3A61-4AFB-881D-83036F0AD2BB}.Debug|Any CPU.ActiveCfg = Debug|Win32
		{5BE70941-3A61-4AFB-881D-83036F0AD2BB}.Debug|Mixed Platforms.ActiveCfg = Debug|Win32
		{5BE70941-3A61-4AFB-881D-83036F0AD2BB}.Debug|Mixed Platforms.Build.0 = Debug|Win32
		{5BE70941-3A61-4AFB-881D-83036F0AD2BB}.Debug|Win32.ActiveCfg = Debug|Win32
		{5BE70941-3A61-4AFB-881D-83036F0AD2BB}.Debug|Win32.Build.0 = Debug|Win32
		{5BE70941-3A61-4AFB-881D-83036F0AD2BB}.Debug|x86.ActiveCfg = Debug|Win32
		{5BE70941-3A61-4AFB-881D-83036F0AD2BB}.Debug|x86.Build.0 = Debug|Win32
		{5BE70941-3A61-4AFB-881D-83036F0AD2BB}.Release|Any CPU.ActiveCfg = Release|Win32
		{5BE70941-3A61-4AFB-881D-83036F0AD2BB}.Release|Mixed Platforms.ActiveCfg = Release|Win32
		{5BE70941-3A61-4AFB-881D-83036F0AD2BB}.Release|Mixed Platforms.Build.0 = Release|Win32
		{5BE70941-3A61-4AFB-881D-83036F0AD2BB}.Release|Win32.ActiveCfg = Release|Win32
		{5BE70941-3A61-4AFB-881D-83036F0AD2BB}.Release|Win32.Build.0 = Release|Win32
		{5BE70941-3A61-4AFB-881D-83036F0AD2BB}.Release|x86.ActiveCfg = Release|Win32
		{5BE70941-3A61-4AFB-881D-83036F0AD2BB}.Release|x86.Build.0 = Release|Win32
		{9C08D161-E649-407F-B8B4-1E25B0BD8ABF}.Debug|Any CPU.ActiveCfg = Debug|Win32
		{9C08D161-E649-407F-B8B4-1E25B0BD8ABF}.Debug|Mixed Platforms.ActiveCfg = Debug|Win32
		{9C08D161-E649-407F-B8B4-1E25B0BD8ABF}.Debug|Mixed Platforms.Build.0 = Debug|Win32
		{9C08D161-E649-407F-B8B4-1E25B0BD8ABF}.Debug|Win32.ActiveCfg = Debug|Win32
		{9C08D161-E649-407F-B8B4-1E25B0BD8ABF}.Debug|Win32.Build.0 = Debug|Win32
		{9C08D161-E649-407F-B8B4-1E25B0BD8ABF}.Debug|x86.ActiveCfg = Debug|Win32
		{9C08D161-E649-407F-B8B4-1E25B0BD8ABF}.Debug|x86.Build.0 = Debug|Win32
		{9C08D161-E649-407F-B8B4-1E25B0BD8ABF}.Release|Any CPU.ActiveCfg = Release|Win32
		{9C08D161-E649-407F-B8B4-1E25B0BD8ABF}.Release|Mixed Platforms.ActiveCfg = Release|Win32
		{9C08D161-E649-407F-B8B4-1E25B0BD8ABF}.Release|Mixed Platforms.Build.0 = Release|Win32
		{9C08D161-E649-407F-B8B4-1E25B0BD8ABF}.Release|Win32.ActiveCfg = Release|Win32
		{9C08D161-E649-407F-B8B4-1E25B0BD8ABF}.Release|Win32.Build.0 = Release|Win32
		{9C08D161-E649-407F-B8B4-1E25B0BD8ABF}.Release|x86.ActiveCfg = Release|Win32
		{9C08D161-E649-407F-B8B4-1E25B0BD8ABF}.Release|x86.Build.0 = Release|Win32
		{301F5FCD-9371-4DA5-AAEE-ACA36453D1F3}.Debug|Any CPU.ActiveCfg = Debug|Win32
		{301F5FCD-9371-4DA5-AAEE-ACA36453D1F3}.Debug|Mixed Platforms.ActiveCfg = Debug|Win32
		{301F5FCD-9371-4DA5-AAEE-ACA36453D1F3}.Debug|Mixed Platforms.Build.0 = Debug|Win32
		{301F5FCD-9371-4DA5-AAEE-ACA36453D1F3}.Debug|Win32.ActiveCfg = Debug|Win32
		{301F5FCD-9371-4DA5-AAEE-ACA36453D1F3}.Debug|Win32.Build.0 = Debug|Win32
		{301F5FCD-9371-4DA5-AAEE-ACA36453D1F3}.Debug|x86.ActiveCfg = Debug|Win32
		{301F5FCD-9371-4DA5-AAEE-ACA36453D1F3}.Debug|x86.Build.0 = Debug|Win32
		{301F5FCD-9371-4DA5-AAEE-ACA36453D1F3}.Release|Any CPU.ActiveCfg = Release|Win32
		{301F5FCD-9371-4DA5-AAEE-ACA36453D1F3}.Release|Mixed Platforms.ActiveCfg = Release|Win32
		{301F5FCD-9371-4DA5-AAEE-ACA36453D1F3}.Release|Mixed Platforms.Build.0 = Release|Win32
		{301F5FCD-9371-4DA5-AAEE-ACA36453D1F3}.Release|Win32.ActiveCfg = Release|Win32
		{301F5FCD-9371-4DA5-AAEE-ACA36453D1F3}.Release|Win32.Build.0 = Release|Win32
		{301F5FCD-9371-4DA5-AAEE-ACA36453D1F3}.Release|x86.ActiveCfg = Release|Win32
		{301F5FCD-9371-4DA5-AAEE-ACA36453D1F3}.Release|x86.Build.0 = Release|Win32
		{DA305132-0E50-4699-9F0E-BF1218C22E1A}.Debug|Any CPU.ActiveCfg = Debug|Win32
		{DA305132-0E50-4699-9F0E-BF1218C22E1A}.Debug|Mixed Platforms.ActiveCfg = Debug|Win32
		{DA305132-0E50-4699-9F0E-BF1218C22E1A}.Debug|Mixed Platforms.Build.0 = Debug|Win32
		{DA305132-0E50-4699-9F0E-BF1218C22E1A}.Debug|Win32.ActiveCfg = Debug|Win32
		{DA305132-0E50-4699-9F0E-BF1218C22E1A}.Debug|Win32.Build.0 = Debug|Win32
		{DA305132-0E50-4699-9F0E-BF1218C22E1A}.Debug|x86.ActiveCfg = Debug|Win32
		{DA305132-0E50-4699-9F0E-BF1218C22E1A}.Release|Any CPU.ActiveCfg = Release|Win32
		{DA305132-0E50-4699-9F0E-BF1218C22E1A}.Release|Mixed Platforms.ActiveCfg = Release|Win32
		{DA305132-0E50-4699-9F0E-BF1218C22E1A}.Release|Mixed Platforms.Build.0 = Release|Win32
		{DA305132-0E50-4699-9F0E-BF1218C22E1A}.Release|Win32.ActiveCfg = Release|Win32
		{DA305132-0E50-4699-9F0E-BF1218C22E1A}.Release|Win32.Build.0 = Release|Win32
		{DA305132-0E50-4699-9F0E-BF1218C22E1A}.Release|x86.ActiveCfg = Release|Win32
		{7AF94D1D-004E-4606-8946-59BBCD6DC58F}.Debug|Any CPU.ActiveCfg = Debug|x86
		{7AF94D1D-004E-4606-8946-59BBCD6DC58F}.Debug|Mixed Platforms.ActiveCfg = Debug|x86
		{7AF94D1D-004E-4606-8946-59BBCD6DC58F}.Debug|Mixed Platforms.Build.0 = Debug|x86
		{7AF94D1D-004E-4606-8946-59BBCD6DC58F}.Debug|Win32.ActiveCfg = Debug|x86
		{7AF94D1D-004E-4606-8946-59BBCD6DC58F}.Debug|Win32.Build.0 = Debug|x86
		{7AF94D1D-004E-4606-8946-59BBCD6DC58F}.Debug|x86.ActiveCfg = Debug|x86
		{7AF94D1D-004E-4606-8946-59BBCD6DC58F}.Debug|x86.Build.0 = Debug|x86
		{7AF94D1D-004E-4606-8946-59BBCD6DC58F}.Release|Any CPU.ActiveCfg = Release|x86
		{7AF94D1D-004E-4606-8946-59BBCD6DC58F}.Release|Mixed Platforms.ActiveCfg = Release|x86
		{7AF94D1D-004E-4606-8946-59BBCD6DC58F}.Release|Mixed Platforms.Build.0 = Release|x86
		{7AF94D1D-004E-4606-8946-59BBCD6DC58F}.Release|Win32.ActiveCfg = Release|x86
		{7AF94D1D-004E-4606-8946-59BBCD6DC58F}.Release|Win32.Build.0 = Release|x86
		{7AF94D1D-004E-4606-8946-59BBCD6DC58F}.Release|x86.ActiveCfg = Release|x86
		{7AF94D1D-004E-4606-8946-59BBCD6DC58F}.Release|x86.Build.0 = Release|x86
		{69518B0A-5FF4-43C7-8B4C-5362F4E42504}.Debug|Any CPU.ActiveCfg = Debug|Win32
		{69518B0A-5FF4-43C7-8B4C-5362F4E42504}.Debug|Mixed Platforms.ActiveCfg = Debug|Win32
		{69518B0A-5FF4-43C7-8B4C-5362F4E42504}.Debug|Mixed Platforms.Build.0 = Debug|Win32
		{69518B0A-5FF4-43C7-8B4C-5362F4E42504}.Debug|Win32.ActiveCfg = Debug|Win32
		{69518B0A-5FF4-43C7-8B4C-5362F4E42504}.Debug|Win32.Build.0 = Debug|Win32
		{69518B0A-5FF4-43C7-8B4C-5362F4E42504}.Debug|x86.ActiveCfg = Debug|Win32
		{69518B0A-5FF4-43C7-8B4C-5362F4E42504}.Debug|x86.Build.0 = Debug|Win32
		{69518B0A-5FF4-43C7-8B4C-5362F4E42504}.Release|Any CPU.ActiveCfg = Release|Win32
		{69518B0A-5FF4-43C7-8B4C-5362F4E42504}.Release|Mixed Platforms.ActiveCfg = Release|Win32
		{69518B0A-5FF4-43C7-8B4C-5362F4E42504}.Release|Mixed Platforms.Build.0 = Release|Win32
		{69518B0A-5FF4-43C7-8B4C-5362F4E42504}.Release|Win32.ActiveCfg = Release|Win32
		{69518B0A-5FF4-43C7-8B4C-5362F4E42504}.Release|Win32.Build.0 = Release|Win32
		{69518B0A-5FF4-43C7-8B4C-5362F4E42504}.Release|x86.ActiveCfg = Release|Win32
		{69518B0A-5FF4-43C7-8B4C-5362F4E42504}.Release|x86.Build.0 = Release|Win32
	EndGlobalSection
	GlobalSection(SolutionProperties) = preSolution
		HideSolutionNode = FALSE
	EndGlobalSection
	GlobalSection(NestedProjects) = preSolution
		{79C130DE-F9BB-49AA-856D-9F2163F1D08F} = {08CB754A-F9D2-4F56-8744-250470A6115B}
		{45009D63-75D5-450C-B216-CD66128F3CF1} = {08CB754A-F9D2-4F56-8744-250470A6115B}
		{B37D3D0C-2D81-442A-9CCE-D5A4B86ED5CB} = {08CB754A-F9D2-4F56-8744-250470A6115B}
		{F92CF8C3-C84B-4693-941B-B4AFE3E48C4C} = {08CB754A-F9D2-4F56-8744-250470A6115B}
		{8E0915CD-705D-455F-835D-0F226B0F7AAB} = {08CB754A-F9D2-4F56-8744-250470A6115B}
		{641335E6-5FB9-4262-84BD-856D7498214F} = {9744E0B8-0B49-4DF6-8A3F-327FD9BF1493}
		{9D85AA06-B3CF-4F54-92AA-3AC4025A8F41} = {9744E0B8-0B49-4DF6-8A3F-327FD9BF1493}
		{A9E5E57E-C0DE-4994-B368-71A19C76F6BF} = {9744E0B8-0B49-4DF6-8A3F-327FD9BF1493}
		{A5C8264C-34A8-4318-8C37-9BBF3788BBA6} = {641335E6-5FB9-4262-84BD-856D7498214F}
		{6022918F-D103-4FC5-AEB7-370EF65D818A} = {641335E6-5FB9-4262-84BD-856D7498214F}
		{BEAFDF77-F1FA-4079-9FCA-11237CCDBA3E} = {641335E6-5FB9-4262-84BD-856D7498214F}
		{47EBE08E-AE84-4ECA-91BC-699B6AB05D60} = {641335E6-5FB9-4262-84BD-856D7498214F}
		{3A230785-32EB-49D8-A1A7-C3A1CC2B4342} = {641335E6-5FB9-4262-84BD-856D7498214F}
		{FC9B3015-547C-471B-BE35-E2CF944C2655} = {641335E6-5FB9-4262-84BD-856D7498214F}
		{F010D18C-9CE3-4DDC-868B-FC035B3B075C} = {641335E6-5FB9-4262-84BD-856D7498214F}
		{3A1FEE04-9B6B-492D-BFAF-436EA4B3F487} = {641335E6-5FB9-4262-84BD-856D7498214F}
		{5BE70941-3A61-4AFB-881D-83036F0AD2BB} = {641335E6-5FB9-4262-84BD-856D7498214F}
		{9C08D161-E649-407F-B8B4-1E25B0BD8ABF} = {641335E6-5FB9-4262-84BD-856D7498214F}
		{DA305132-0E50-4699-9F0E-BF1218C22E1A} = {641335E6-5FB9-4262-84BD-856D7498214F}
		{B0E25949-EF2D-421B-A620-AECDE30EA4EE} = {9D85AA06-B3CF-4F54-92AA-3AC4025A8F41}
		{69518B0A-5FF4-43C7-8B4C-5362F4E42504} = {9D85AA06-B3CF-4F54-92AA-3AC4025A8F41}
		{9A665BCB-B2ED-41AD-B95F-8AE4F3641997} = {A5C8264C-34A8-4318-8C37-9BBF3788BBA6}
		{3746AEBD-5356-4EA2-A092-4C5CC03F1935} = {A5C8264C-34A8-4318-8C37-9BBF3788BBA6}
		{D1432FBC-CCC3-41D4-B35B-2B421A23029F} = {A5C8264C-34A8-4318-8C37-9BBF3788BBA6}
		{CFB44052-A583-4258-8E0F-CE2F90234589} = {6022918F-D103-4FC5-AEB7-370EF65D818A}
		{6879C05C-AE05-4D11-968A-A00C2051D7AF} = {6022918F-D103-4FC5-AEB7-370EF65D818A}
		{301F5FCD-9371-4DA5-AAEE-ACA36453D1F3} = {6022918F-D103-4FC5-AEB7-370EF65D818A}
		{808976E7-EEFF-4599-ABAC-EDC6812B1D07} = {79C130DE-F9BB-49AA-856D-9F2163F1D08F}
		{ED8CBF81-DF49-4DB9-A152-A11CCAE314DB} = {79C130DE-F9BB-49AA-856D-9F2163F1D08F}
		{21349356-8319-4F49-9C0F-F60F503EFE4A} = {45009D63-75D5-450C-B216-CD66128F3CF1}
		{89876A62-1746-49B5-8DCD-8B56F2C3866F} = {45009D63-75D5-450C-B216-CD66128F3CF1}
		{7FEFAC22-0C98-4840-B656-CC72390B6AD8} = {B37D3D0C-2D81-442A-9CCE-D5A4B86ED5CB}
		{5D1A2F0A-3FE6-44A1-B73B-27CBB1E0FA23} = {B37D3D0C-2D81-442A-9CCE-D5A4B86ED5CB}
		{7AF94D1D-004E-4606-8946-59BBCD6DC58F} = {F92CF8C3-C84B-4693-941B-B4AFE3E48C4C}
		{20CC6DA1-00B2-47A9-B7AC-6ECEFF1A3F8D} = {A9E5E57E-C0DE-4994-B368-71A19C76F6BF}
		{58E6A118-293E-4DC5-B592-72D216BA4A2F} = {A9E5E57E-C0DE-4994-B368-71A19C76F6BF}
		{7B3E249F-345F-45E7-9985-47557157E290} = {8E0915CD-705D-455F-835D-0F226B0F7AAB}
		{4539C8AA-65FD-4DDB-A0C4-0CC3E4574244} = {8E0915CD-705D-455F-835D-0F226B0F7AAB}
	EndGlobalSection
EndGlobal
