<?xml version="1.0" encoding="utf-8"?>
<Project ToolsVersion="4.0" xmlns="http://schemas.microsoft.com/developer/msbuild/2003">
  <ItemGroup>
    <Filter Include="Source Files">
      <UniqueIdentifier>{4FC737F1-C7A5-4376-A066-2A32D752A2FF}</UniqueIdentifier>
      <Extensions>cpp;c;cc;cxx;def;odl;idl;hpj;bat;asm;asmx</Extensions>
    </Filter>
    <Filter Include="Header Files">
      <UniqueIdentifier>{93995380-89BD-4b04-88EB-625FBE52EBFB}</UniqueIdentifier>
      <Extensions>h;hpp;hxx;hm;inl;inc;xsd</Extensions>
    </Filter>
    <Filter Include="Resource Files">
      <UniqueIdentifier>{67DA6AB6-F800-4c08-8B7A-83BB121AAD01}</UniqueIdentifier>
      <Extensions>rc;ico;cur;bmp;dlg;rc2;rct;bin;rgs;gif;jpg;jpeg;jpe;resx;tiff;tif;png;wav;mfcribbon-ms</Extensions>
    </Filter>
  </ItemGroup>
  <ItemGroup>
    <None Include="godzuki.ino" />
  </ItemGroup>
  <ItemGroup>
    <ClInclude Include="Visual Micro\.godzuki.vsarduino.h">
      <Filter>Header Files</Filter>
    </ClInclude>
    <ClInclude Include="gComms.h">
      <Filter>Header Files</Filter>
    </ClInclude>
    <ClInclude Include="gDistanceSensor.h">
      <Filter>Header Files</Filter>
    </ClInclude>
    <ClInclude Include="gHBStatus.h">
      <Filter>Header Files</Filter>
    </ClInclude>
    <ClInclude Include="gInputs.h">
      <Filter>Header Files</Filter>
    </ClInclude>
    <ClInclude Include="gMotor.h">
      <Filter>Header Files</Filter>
    </ClInclude>
    <ClInclude Include="gMotorControl.h">
      <Filter>Header Files</Filter>
    </ClInclude>
    <ClInclude Include="gServoCommands.h">
      <Filter>Header Files</Filter>
    </ClInclude>
    <ClInclude Include="gRoutingDeviceIDs.h">
      <Filter>Header Files</Filter>
    </ClInclude>
    <ClInclude Include="gCommandRouter.h">
      <Filter>Header Files</Filter>
    </ClInclude>
    <ClInclude Include="gServo.h">
      <Filter>Header Files</Filter>
    </ClInclude>
    <ClInclude Include="gHBStatusCommands.h">
      <Filter>Header Files</Filter>
    </ClInclude>
    <ClInclude Include="gCommandObject.h">
      <Filter>Header Files</Filter>
    </ClInclude>
    <ClInclude Include="gMotorControlCommands.h">
      <Filter>Header Files</Filter>
    </ClInclude>
    <ClInclude Include="gRouteTableList.h">
      <Filter>Header Files</Filter>
    </ClInclude>
    <ClInclude Include="gDistanceSensorCommands.h">
      <Filter>Header Files</Filter>
    </ClInclude>
    <ClInclude Include="gSDCard.h">
      <Filter>Header Files</Filter>
    </ClInclude>
    <ClInclude Include="gSDCardCommands.h">
      <Filter>Header Files</Filter>
    </ClInclude>
  </ItemGroup>
  <ItemGroup>
    <ClCompile Include="gComms.cpp">
      <Filter>Source Files</Filter>
    </ClCompile>
    <ClCompile Include="gDistanceSensor.cpp">
      <Filter>Source Files</Filter>
    </ClCompile>
    <ClCompile Include="gHBStatus.cpp">
      <Filter>Source Files</Filter>
    </ClCompile>
    <ClCompile Include="gInputs.cpp">
      <Filter>Source Files</Filter>
    </ClCompile>
    <ClCompile Include="gMotor.cpp">
      <Filter>Source Files</Filter>
    </ClCompile>
    <ClCompile Include="gMotorControl.cpp">
      <Filter>Source Files</Filter>
    </ClCompile>
    <ClCompile Include="gServo.cpp">
      <Filter>Source Files</Filter>
    </ClCompile>
    <ClCompile Include="gCommandRouter.cpp">
      <Filter>Source Files</Filter>
    </ClCompile>
    <ClCompile Include="gCommandObject.cpp">
      <Filter>Source Files</Filter>
    </ClCompile>
    <ClCompile Include="gDistanceSensorCommands.cpp">
      <Filter>Source Files</Filter>
    </ClCompile>
    <ClCompile Include="gSDCard.cpp">
      <Filter>Source Files</Filter>
    </ClCompile>
  </ItemGroup>
</Project>